
Microsoft Visual Studio Solution File, Format Version 12.00
# Visual Studio Version 17
VisualStudioVersion = 17.10.35004.147
MinimumVisualStudioVersion = 10.0.40219.1
Project("{FAE04EC0-301F-11D3-BF4B-00C04F79EFBC}") = "EskroAfrica.PaymentService.API", "EskroAfrica.PaymentService.API\EskroAfrica.PaymentService.API.csproj", "{58CCA09D-D3F7-41AF-A768-F4A2DE75546D}"
EndProject
Project("{FAE04EC0-301F-11D3-BF4B-00C04F79EFBC}") = "EskroAfrica.PaymentService.Domain", "EskroAfrica.PaymentService.Domain\EskroAfrica.PaymentService.Domain.csproj", "{A50E9699-F4E1-45FC-B114-E079F2A4AA91}"
EndProject
Project("{FAE04EC0-301F-11D3-BF4B-00C04F79EFBC}") = "EskroAfrica.PaymentService.Application", "EskroAfrica.PaymentService.Application\EskroAfrica.PaymentService.Application.csproj", "{1AD5234F-AA06-4551-9B65-0F09CA3844AD}"
EndProject
Project("{FAE04EC0-301F-11D3-BF4B-00C04F79EFBC}") = "EskroAfrica.PaymentService.Infrastructure", "EskroAfrica.PaymentService.Infrastructure\EskroAfrica.PaymentService.Infrastructure.csproj", "{7712CB5F-7F99-45DF-BF09-F538D26718BF}"
EndProject
Project("{FAE04EC0-301F-11D3-BF4B-00C04F79EFBC}") = "EskroAfrica.PaymentService.Common", "EskroAfrica.PaymentService.Common\EskroAfrica.PaymentService.Common.csproj", "{C0086392-3246-4285-92D7-BE6EF4A39D28}"
EndProject
Global
	GlobalSection(SolutionConfigurationPlatforms) = preSolution
		Debug|Any CPU = Debug|Any CPU
		Release|Any CPU = Release|Any CPU
	EndGlobalSection
	GlobalSection(ProjectConfigurationPlatforms) = postSolution
		{58CCA09D-D3F7-41AF-A768-F4A2DE75546D}.Debug|Any CPU.ActiveCfg = Debug|Any CPU
		{58CCA09D-D3F7-41AF-A768-F4A2DE75546D}.Debug|Any CPU.Build.0 = Debug|Any CPU
		{58CCA09D-D3F7-41AF-A768-F4A2DE75546D}.Release|Any CPU.ActiveCfg = Release|Any CPU
		{58CCA09D-D3F7-41AF-A768-F4A2DE75546D}.Release|Any CPU.Build.0 = Release|Any CPU
		{A50E9699-F4E1-45FC-B114-E079F2A4AA91}.Debug|Any CPU.ActiveCfg = Debug|Any CPU
		{A50E9699-F4E1-45FC-B114-E079F2A4AA91}.Debug|Any CPU.Build.0 = Debug|Any CPU
		{A50E9699-F4E1-45FC-B114-E079F2A4AA91}.Release|Any CPU.ActiveCfg = Release|Any CPU
		{A50E9699-F4E1-45FC-B114-E079F2A4AA91}.Release|Any CPU.Build.0 = Release|Any CPU
		{1AD5234F-AA06-4551-9B65-0F09CA3844AD}.Debug|Any CPU.ActiveCfg = Debug|Any CPU
		{1AD5234F-AA06-4551-9B65-0F09CA3844AD}.Debug|Any CPU.Build.0 = Debug|Any CPU
		{1AD5234F-AA06-4551-9B65-0F09CA3844AD}.Release|Any CPU.ActiveCfg = Release|Any CPU
		{1AD5234F-AA06-4551-9B65-0F09CA3844AD}.Release|Any CPU.Build.0 = Release|Any CPU
		{7712CB5F-7F99-45DF-BF09-F538D26718BF}.Debug|Any CPU.ActiveCfg = Debug|Any CPU
		{7712CB5F-7F99-45DF-BF09-F538D26718BF}.Debug|Any CPU.Build.0 = Debug|Any CPU
		{7712CB5F-7F99-45DF-BF09-F538D26718BF}.Release|Any CPU.ActiveCfg = Release|Any CPU
		{7712CB5F-7F99-45DF-BF09-F538D26718BF}.Release|Any CPU.Build.0 = Release|Any CPU
		{C0086392-3246-4285-92D7-BE6EF4A39D28}.Debug|Any CPU.ActiveCfg = Debug|Any CPU
		{C0086392-3246-4285-92D7-BE6EF4A39D28}.Debug|Any CPU.Build.0 = Debug|Any CPU
		{C0086392-3246-4285-92D7-BE6EF4A39D28}.Release|Any CPU.ActiveCfg = Release|Any CPU
		{C0086392-3246-4285-92D7-BE6EF4A39D28}.Release|Any CPU.Build.0 = Release|Any CPU
	EndGlobalSection
	GlobalSection(SolutionProperties) = preSolution
		HideSolutionNode = FALSE
	EndGlobalSection
	GlobalSection(ExtensibilityGlobals) = postSolution
		SolutionGuid = {193ECD23-AE42-4FC6-B57D-56705FD4CF93}
	EndGlobalSection
EndGlobal
